
Microsoft Visual Studio Solution File, Format Version 12.00
# Visual Studio 14
VisualStudioVersion = 14.0.25420.1
MinimumVisualStudioVersion = 10.0.40219.1
Project("{F2A71F9B-5D33-465A-A702-920D77279786}") = "Chapter4.IntroConcurrency", "Chapter4.IntroConcurrency\Chapter4.IntroConcurrency.fsproj", "{FA066B10-8EDA-4421-A227-8C24F1519610}"
EndProject
Global
	GlobalSection(SolutionConfigurationPlatforms) = preSolution
		Debug|Any CPU = Debug|Any CPU
		Release|Any CPU = Release|Any CPU
	EndGlobalSection
	GlobalSection(ProjectConfigurationPlatforms) = postSolution
		{FA066B10-8EDA-4421-A227-8C24F1519610}.Debug|Any CPU.ActiveCfg = Debug|Any CPU
		{FA066B10-8EDA-4421-A227-8C24F1519610}.Debug|Any CPU.Build.0 = Debug|Any CPU
		{FA066B10-8EDA-4421-A227-8C24F1519610}.Release|Any CPU.ActiveCfg = Release|Any CPU
		{FA066B10-8EDA-4421-A227-8C24F1519610}.Release|Any CPU.Build.0 = Release|Any CPU
	EndGlobalSection
	GlobalSection(SolutionProperties) = preSolution
		HideSolutionNode = FALSE
	EndGlobalSection
EndGlobal
